// !$*UTF8*$!
{
	archiveVersion = 1;
	classes = {
	};
	objectVersion = 55;
	objects = {

/* Begin PBXBuildFile section */
		FFDFB23F28641F930068C37D /* AppDelegate.swift in Sources */ = {isa = PBXBuildFile; fileRef = FFDFB23E28641F930068C37D /* AppDelegate.swift */; };
		FFDFB24128641F930068C37D /* SceneDelegate.swift in Sources */ = {isa = PBXBuildFile; fileRef = FFDFB24028641F930068C37D /* SceneDelegate.swift */; };
		FFDFB24328641F930068C37D /* HomeViewController.swift in Sources */ = {isa = PBXBuildFile; fileRef = FFDFB24228641F930068C37D /* HomeViewController.swift */; };
		FFDFB24628641F930068C37D /* Main.storyboard in Resources */ = {isa = PBXBuildFile; fileRef = FFDFB24428641F930068C37D /* Main.storyboard */; };
		FFDFB24828641F940068C37D /* Assets.xcassets in Resources */ = {isa = PBXBuildFile; fileRef = FFDFB24728641F940068C37D /* Assets.xcassets */; };
		FFDFB24B28641F940068C37D /* LaunchScreen.storyboard in Resources */ = {isa = PBXBuildFile; fileRef = FFDFB24928641F940068C37D /* LaunchScreen.storyboard */; };
		FFDFB253286420580068C37D /* GoonsViewController.swift in Sources */ = {isa = PBXBuildFile; fileRef = FFDFB252286420580068C37D /* GoonsViewController.swift */; };
		FFDFB25528685F460068C37D /* UIApplication+Helper.swift in Sources */ = {isa = PBXBuildFile; fileRef = FFDFB25428685F460068C37D /* UIApplication+Helper.swift */; };
/* End PBXBuildFile section */

/* Begin PBXFileReference section */
		FFDFB23B28641F930068C37D /* GoonsWork.app */ = {isa = PBXFileReference; explicitFileType = wrapper.application; includeInIndex = 0; path = GoonsWork.app; sourceTree = BUILT_PRODUCTS_DIR; };
		FFDFB23E28641F930068C37D /* AppDelegate.swift */ = {isa = PBXFileReference; lastKnownFileType = sourcecode.swift; path = AppDelegate.swift; sourceTree = "<group>"; };
		FFDFB24028641F930068C37D /* SceneDelegate.swift */ = {isa = PBXFileReference; lastKnownFileType = sourcecode.swift; path = SceneDelegate.swift; sourceTree = "<group>"; };
		FFDFB24228641F930068C37D /* HomeViewController.swift */ = {isa = PBXFileReference; lastKnownFileType = sourcecode.swift; path = HomeViewController.swift; sourceTree = "<group>"; };
		FFDFB24528641F930068C37D /* Base */ = {isa = PBXFileReference; lastKnownFileType = file.storyboard; name = Base; path = Base.lproj/Main.storyboard; sourceTree = "<group>"; };
		FFDFB24728641F940068C37D /* Assets.xcassets */ = {isa = PBXFileReference; lastKnownFileType = folder.assetcatalog; path = Assets.xcassets; sourceTree = "<group>"; };
		FFDFB24A28641F940068C37D /* Base */ = {isa = PBXFileReference; lastKnownFileType = file.storyboard; name = Base; path = Base.lproj/LaunchScreen.storyboard; sourceTree = "<group>"; };
		FFDFB24C28641F940068C37D /* Info.plist */ = {isa = PBXFileReference; lastKnownFileType = text.plist.xml; path = Info.plist; sourceTree = "<group>"; };
		FFDFB252286420580068C37D /* GoonsViewController.swift */ = {isa = PBXFileReference; lastKnownFileType = sourcecode.swift; path = GoonsViewController.swift; sourceTree = "<group>"; };
		FFDFB25428685F460068C37D /* UIApplication+Helper.swift */ = {isa = PBXFileReference; lastKnownFileType = sourcecode.swift; path = "UIApplication+Helper.swift"; sourceTree = "<group>"; };
/* End PBXFileReference section */

/* Begin PBXFrameworksBuildPhase section */
		FFDFB23828641F930068C37D /* Frameworks */ = {
			isa = PBXFrameworksBuildPhase;
			buildActionMask = 2147483647;
			files = (
			);
			runOnlyForDeploymentPostprocessing = 0;
		};
/* End PBXFrameworksBuildPhase section */

/* Begin PBXGroup section */
		FFDFB23228641F930068C37D = {
			isa = PBXGroup;
			children = (
				FFDFB23D28641F930068C37D /* GoonsWork */,
				FFDFB23C28641F930068C37D /* Products */,
			);
			sourceTree = "<group>";
		};
		FFDFB23C28641F930068C37D /* Products */ = {
			isa = PBXGroup;
			children = (
				FFDFB23B28641F930068C37D /* GoonsWork.app */,
			);
			name = Products;
			sourceTree = "<group>";
		};
		FFDFB23D28641F930068C37D /* GoonsWork */ = {
			isa = PBXGroup;
			children = (
				FFDFB23E28641F930068C37D /* AppDelegate.swift */,
				FFDFB24028641F930068C37D /* SceneDelegate.swift */,
				FFDFB24228641F930068C37D /* HomeViewController.swift */,
				FFDFB252286420580068C37D /* GoonsViewController.swift */,
				FFDFB25428685F460068C37D /* UIApplication+Helper.swift */,
				FFDFB24428641F930068C37D /* Main.storyboard */,
				FFDFB24728641F940068C37D /* Assets.xcassets */,
				FFDFB24928641F940068C37D /* LaunchScreen.storyboard */,
				FFDFB24C28641F940068C37D /* Info.plist */,
			);
			path = GoonsWork;
			sourceTree = "<group>";
		};
/* End PBXGroup section */

/* Begin PBXNativeTarget section */
		FFDFB23A28641F930068C37D /* GoonsWork */ = {
			isa = PBXNativeTarget;
			buildConfigurationList = FFDFB24F28641F940068C37D /* Build configuration list for PBXNativeTarget "GoonsWork" */;
			buildPhases = (
				FFDFB23728641F930068C37D /* Sources */,
				FFDFB23828641F930068C37D /* Frameworks */,
				FFDFB23928641F930068C37D /* Resources */,
			);
			buildRules = (
			);
			dependencies = (
			);
			name = GoonsWork;
			productName = GoonsWork;
			productReference = FFDFB23B28641F930068C37D /* GoonsWork.app */;
			productType = "com.apple.product-type.application";
		};
/* End PBXNativeTarget section */

/* Begin PBXProject section */
		FFDFB23328641F930068C37D /* Project object */ = {
			isa = PBXProject;
			attributes = {
				BuildIndependentTargetsInParallel = 1;
				LastSwiftUpdateCheck = 1330;
				LastUpgradeCheck = 1330;
				TargetAttributes = {
					FFDFB23A28641F930068C37D = {
						CreatedOnToolsVersion = 13.3;
					};
				};
			};
			buildConfigurationList = FFDFB23628641F930068C37D /* Build configuration list for PBXProject "GoonsWork" */;
			compatibilityVersion = "Xcode 13.0";
			developmentRegion = en;
			hasScannedForEncodings = 0;
			knownRegions = (
				en,
				Base,
			);
			mainGroup = FFDFB23228641F930068C37D;
			productRefGroup = FFDFB23C28641F930068C37D /* Products */;
			projectDirPath = "";
			projectRoot = "";
			targets = (
				FFDFB23A28641F930068C37D /* GoonsWork */,
			);
		};
/* End PBXProject section */

/* Begin PBXResourcesBuildPhase section */
		FFDFB23928641F930068C37D /* Resources */ = {
			isa = PBXResourcesBuildPhase;
			buildActionMask = 2147483647;
			files = (
				FFDFB24B28641F940068C37D /* LaunchScreen.storyboard in Resources */,
				FFDFB24828641F940068C37D /* Assets.xcassets in Resources */,
				FFDFB24628641F930068C37D /* Main.storyboard in Resources */,
			);
			runOnlyForDeploymentPostprocessing = 0;
		};
/* End PBXResourcesBuildPhase section */

/* Begin PBXSourcesBuildPhase section */
		FFDFB23728641F930068C37D /* Sources */ = {
			isa = PBXSourcesBuildPhase;
			buildActionMask = 2147483647;
			files = (
				FFDFB24328641F930068C37D /* HomeViewController.swift in Sources */,
				FFDFB253286420580068C37D /* GoonsViewController.swift in Sources */,
				FFDFB23F28641F930068C37D /* AppDelegate.swift in Sources */,
				FFDFB24128641F930068C37D /* SceneDelegate.swift in Sources */,
				FFDFB25528685F460068C37D /* UIApplication+Helper.swift in Sources */,
			);
			runOnlyForDeploymentPostprocessing = 0;
		};
/* End PBXSourcesBuildPhase section */

/* Begin PBXVariantGroup section */
		FFDFB24428641F930068C37D /* Main.storyboard */ = {
			isa = PBXVariantGroup;
			children = (
				FFDFB24528641F930068C37D /* Base */,
			);
			name = Main.storyboard;
			sourceTree = "<group>";
		};
		FFDFB24928641F940068C37D /* LaunchScreen.storyboard */ = {
			isa = PBXVariantGroup;
			children = (
				FFDFB24A28641F940068C37D /* Base */,
			);
			name = LaunchScreen.storyboard;
			sourceTree = "<group>";
		};
/* End PBXVariantGroup section */

/* Begin XCBuildConfiguration section */
		FFDFB24D28641F940068C37D /* Debug */ = {
			isa = XCBuildConfiguration;
			buildSettings = {
				ALWAYS_SEARCH_USER_PATHS = NO;
				CLANG_ANALYZER_NONNULL = YES;
				CLANG_ANALYZER_NUMBER_OBJECT_CONVERSION = YES_AGGRESSIVE;
				CLANG_CXX_LANGUAGE_STANDARD = "gnu++17";
				CLANG_ENABLE_MODULES = YES;
				CLANG_ENABLE_OBJC_ARC = YES;
				CLANG_ENABLE_OBJC_WEAK = YES;
				CLANG_WARN_BLOCK_CAPTURE_AUTORELEASING = YES;
				CLANG_WARN_BOOL_CONVERSION = YES;
				CLANG_WARN_COMMA = YES;
				CLANG_WARN_CONSTANT_CONVERSION = YES;
				CLANG_WARN_DEPRECATED_OBJC_IMPLEMENTATIONS = YES;
				CLANG_WARN_DIRECT_OBJC_ISA_USAGE = YES_ERROR;
				CLANG_WARN_DOCUMENTATION_COMMENTS = YES;
				CLANG_WARN_EMPTY_BODY = YES;
				CLANG_WARN_ENUM_CONVERSION = YES;
				CLANG_WARN_INFINITE_RECURSION = YES;
				CLANG_WARN_INT_CONVERSION = YES;
				CLANG_WARN_NON_LITERAL_NULL_CONVERSION = YES;
				CLANG_WARN_OBJC_IMPLICIT_RETAIN_SELF = YES;
				CLANG_WARN_OBJC_LITERAL_CONVERSION = YES;
				CLANG_WARN_OBJC_ROOT_CLASS = YES_ERROR;
				CLANG_WARN_QUOTED_INCLUDE_IN_FRAMEWORK_HEADER = YES;
				CLANG_WARN_RANGE_LOOP_ANALYSIS = YES;
				CLANG_WARN_STRICT_PROTOTYPES = YES;
				CLANG_WARN_SUSPICIOUS_MOVE = YES;
				CLANG_WARN_UNGUARDED_AVAILABILITY = YES_AGGRESSIVE;
				CLANG_WARN_UNREACHABLE_CODE = YES;
				CLANG_WARN__DUPLICATE_METHOD_MATCH = YES;
				COPY_PHASE_STRIP = NO;
				DEBUG_INFORMATION_FORMAT = dwarf;
				ENABLE_STRICT_OBJC_MSGSEND = YES;
				ENABLE_TESTABILITY = YES;
				GCC_C_LANGUAGE_STANDARD = gnu11;
				GCC_DYNAMIC_NO_PIC = NO;
				GCC_NO_COMMON_BLOCKS = YES;
				GCC_OPTIMIZATION_LEVEL = 0;
				GCC_PREPROCESSOR_DEFINITIONS = (
					"DEBUG=1",
					"$(inherited)",
				);
				GCC_WARN_64_TO_32_BIT_CONVERSION = YES;
				GCC_WARN_ABOUT_RETURN_TYPE = YES_ERROR;
				GCC_WARN_UNDECLARED_SELECTOR = YES;
				GCC_WARN_UNINITIALIZED_AUTOS = YES_AGGRESSIVE;
				GCC_WARN_UNUSED_FUNCTION = YES;
				GCC_WARN_UNUSED_VARIABLE = YES;
				IPHONEOS_DEPLOYMENT_TARGET = 15.4;
				MTL_ENABLE_DEBUG_INFO = INCLUDE_SOURCE;
				MTL_FAST_MATH = YES;
				ONLY_ACTIVE_ARCH = YES;
				SDKROOT = iphoneos;
				SWIFT_ACTIVE_COMPILATION_CONDITIONS = DEBUG;
				SWIFT_OPTIMIZATION_LEVEL = "-Onone";
			};
			name = Debug;
		};
		FFDFB24E28641F940068C37D /* Release */ = {
			isa = XCBuildConfiguration;
			buildSettings = {
				ALWAYS_SEARCH_USER_PATHS = NO;
				CLANG_ANALYZER_NONNULL = YES;
				CLANG_ANALYZER_NUMBER_OBJECT_CONVERSION = YES_AGGRESSIVE;
				CLANG_CXX_LANGUAGE_STANDARD = "gnu++17";
				CLANG_ENABLE_MODULES = YES;
				CLANG_ENABLE_OBJC_ARC = YES;
				CLANG_ENABLE_OBJC_WEAK = YES;
				CLANG_WARN_BLOCK_CAPTURE_AUTORELEASING = YES;
				CLANG_WARN_BOOL_CONVERSION = YES;
				CLANG_WARN_COMMA = YES;
				CLANG_WARN_CONSTANT_CONVERSION = YES;
				CLANG_WARN_DEPRECATED_OBJC_IMPLEMENTATIONS = YES;
				CLANG_WARN_DIRECT_OBJC_ISA_USAGE = YES_ERROR;
				CLANG_WARN_DOCUMENTATION_COMMENTS = YES;
				CLANG_WARN_EMPTY_BODY = YES;
				CLANG_WARN_ENUM_CONVERSION = YES;
				CLANG_WARN_INFINITE_RECURSION = YES;
				CLANG_WARN_INT_CONVERSION = YES;
				CLANG_WARN_NON_LITERAL_NULL_CONVERSION = YES;
				CLANG_WARN_OBJC_IMPLICIT_RETAIN_SELF = YES;
				CLANG_WARN_OBJC_LITERAL_CONVERSION = YES;
				CLANG_WARN_OBJC_ROOT_CLASS = YES_ERROR;
				CLANG_WARN_QUOTED_INCLUDE_IN_FRAMEWORK_HEADER = YES;
				CLANG_WARN_RANGE_LOOP_ANALYSIS = YES;
				CLANG_WARN_STRICT_PROTOTYPES = YES;
				CLANG_WARN_SUSPICIOUS_MOVE = YES;
				CLANG_WARN_UNGUARDED_AVAILABILITY = YES_AGGRESSIVE;
				CLANG_WARN_UNREACHABLE_CODE = YES;
				CLANG_WARN__DUPLICATE_METHOD_MATCH = YES;
				COPY_PHASE_STRIP = NO;
				DEBUG_INFORMATION_FORMAT = "dwarf-with-dsym";
				ENABLE_NS_ASSERTIONS = NO;
				ENABLE_STRICT_OBJC_MSGSEND = YES;
				GCC_C_LANGUAGE_STANDARD = gnu11;
				GCC_NO_COMMON_BLOCKS = YES;
				GCC_WARN_64_TO_32_BIT_CONVERSION = YES;
				GCC_WARN_ABOUT_RETURN_TYPE = YES_ERROR;
				GCC_WARN_UNDECLARED_SELECTOR = YES;
				GCC_WARN_UNINITIALIZED_AUTOS = YES_AGGRESSIVE;
				GCC_WARN_UNUSED_FUNCTION = YES;
				GCC_WARN_UNUSED_VARIABLE = YES;
				IPHONEOS_DEPLOYMENT_TARGET = 15.4;
				MTL_ENABLE_DEBUG_INFO = NO;
				MTL_FAST_MATH = YES;
				SDKROOT = iphoneos;
				SWIFT_COMPILATION_MODE = wholemodule;
				SWIFT_OPTIMIZATION_LEVEL = "-O";
				VALIDATE_PRODUCT = YES;
			};
			name = Release;
		};
		FFDFB25028641F940068C37D /* Debug */ = {
			isa = XCBuildConfiguration;
			buildSettings = {
				ASSETCATALOG_COMPILER_APPICON_NAME = AppIcon;
				ASSETCATALOG_COMPILER_GLOBAL_ACCENT_COLOR_NAME = AccentColor;
				CODE_SIGN_STYLE = Automatic;
				CURRENT_PROJECT_VERSION = 1;
				DEVELOPMENT_TEAM = 3F3N8USCH4;
				GENERATE_INFOPLIST_FILE = YES;
				INFOPLIST_FILE = GoonsWork/Info.plist;
				INFOPLIST_KEY_UIApplicationSupportsIndirectInputEvents = YES;
				INFOPLIST_KEY_UILaunchStoryboardName = LaunchScreen;
				INFOPLIST_KEY_UIMainStoryboardFile = Main;
				INFOPLIST_KEY_UISupportedInterfaceOrientations_iPad = "UIInterfaceOrientationPortrait UIInterfaceOrientationPortraitUpsideDown UIInterfaceOrientationLandscapeLeft UIInterfaceOrientationLandscapeRight";
				INFOPLIST_KEY_UISupportedInterfaceOrientations_iPhone = "UIInterfaceOrientationPortrait UIInterfaceOrientationLandscapeLeft UIInterfaceOrientationLandscapeRight";
				LD_RUNPATH_SEARCH_PATHS = (
					"$(inherited)",
					"@executable_path/Frameworks",
				);
				MARKETING_VERSION = 1.0;
				PRODUCT_BUNDLE_IDENTIFIER = com.LiamHao.GoonsWork;
				PRODUCT_NAME = "$(TARGET_NAME)";
				SWIFT_EMIT_LOC_STRINGS = YES;
				SWIFT_VERSION = 5.0;
				TARGETED_DEVICE_FAMILY = "1,2";
			};
			name = Debug;
		};
		FFDFB25128641F940068C37D /* Release */ = {
			isa = XCBuildConfiguration;
			buildSettings = {
				ASSETCATALOG_COMPILER_APPICON_NAME = AppIcon;
				ASSETCATALOG_COMPILER_GLOBAL_ACCENT_COLOR_NAME = AccentColor;
				CODE_SIGN_STYLE = Automatic;
				CURRENT_PROJECT_VERSION = 1;
				DEVELOPMENT_TEAM = 3F3N8USCH4;
				GENERATE_INFOPLIST_FILE = YES;
				INFOPLIST_FILE = GoonsWork/Info.plist;
				INFOPLIST_KEY_UIApplicationSupportsIndirectInputEvents = YES;
				INFOPLIST_KEY_UILaunchStoryboardName = LaunchScreen;
				INFOPLIST_KEY_UIMainStoryboardFile = Main;
				INFOPLIST_KEY_UISupportedInterfaceOrientations_iPad = "UIInterfaceOrientationPortrait UIInterfaceOrientationPortraitUpsideDown UIInterfaceOrientationLandscapeLeft UIInterfaceOrientationLandscapeRight";
				INFOPLIST_KEY_UISupportedInterfaceOrientations_iPhone = "UIInterfaceOrientationPortrait UIInterfaceOrientationLandscapeLeft UIInterfaceOrientationLandscapeRight";
				LD_RUNPATH_SEARCH_PATHS = (
					"$(inherited)",
					"@executable_path/Frameworks",
				);
				MARKETING_VERSION = 1.0;
				PRODUCT_BUNDLE_IDENTIFIER = com.LiamHao.GoonsWork;
				PRODUCT_NAME = "$(TARGET_NAME)";
				SWIFT_EMIT_LOC_STRINGS = YES;
				SWIFT_VERSION = 5.0;
				TARGETED_DEVICE_FAMILY = "1,2";
			};
			name = Release;
		};
/* End XCBuildConfiguration section */

/* Begin XCConfigurationList section */
		FFDFB23628641F930068C37D /* Build configuration list for PBXProject "GoonsWork" */ = {
			isa = XCConfigurationList;
			buildConfigurations = (
				FFDFB24D28641F940068C37D /* Debug */,
				FFDFB24E28641F940068C37D /* Release */,
			);
			defaultConfigurationIsVisible = 0;
			defaultConfigurationName = Release;
		};
		FFDFB24F28641F940068C37D /* Build configuration list for PBXNativeTarget "GoonsWork" */ = {
			isa = XCConfigurationList;
			buildConfigurations = (
				FFDFB25028641F940068C37D /* Debug */,
				FFDFB25128641F940068C37D /* Release */,
			);
			defaultConfigurationIsVisible = 0;
			defaultConfigurationName = Release;
		};
/* End XCConfigurationList section */
	};
	rootObject = FFDFB23328641F930068C37D /* Project object */;
}
